
Microsoft Visual Studio Solution File, Format Version 12.00
# Visual Studio Version 16
VisualStudioVersion = 16.0.29920.165
MinimumVisualStudioVersion = 10.0.40219.1
Project("{FAE04EC0-301F-11D3-BF4B-00C04F79EFBC}") = "Barcode reader", "Barcode reader\Barcode reader.csproj", "{D81A167C-3BE5-469F-ADB8-C47D80A4F982}"
EndProject
Global
	GlobalSection(SolutionConfigurationPlatforms) = preSolution
		Debug|Any CPU = Debug|Any CPU
		Release|Any CPU = Release|Any CPU
	EndGlobalSection
	GlobalSection(ProjectConfigurationPlatforms) = postSolution
		{D81A167C-3BE5-469F-ADB8-C47D80A4F982}.Debug|Any CPU.ActiveCfg = Debug|Any CPU
		{D81A167C-3BE5-469F-ADB8-C47D80A4F982}.Debug|Any CPU.Build.0 = Debug|Any CPU
		{D81A167C-3BE5-469F-ADB8-C47D80A4F982}.Release|Any CPU.ActiveCfg = Release|Any CPU
		{D81A167C-3BE5-469F-ADB8-C47D80A4F982}.Release|Any CPU.Build.0 = Release|Any CPU
	EndGlobalSection
	GlobalSection(SolutionProperties) = preSolution
		HideSolutionNode = FALSE
	EndGlobalSection
	GlobalSection(ExtensibilityGlobals) = postSolution
		SolutionGuid = {3191F4A6-76D8-44B3-9B80-877082653CAF}
	EndGlobalSection
EndGlobal
